
Microsoft Visual Studio Solution File, Format Version 12.00
# Visual Studio Version 17
VisualStudioVersion = 17.9.34723.18
MinimumVisualStudioVersion = 10.0.40219.1
Project("{FAE04EC0-301F-11D3-BF4B-00C04F79EFBC}") = "Server", "Server.csproj", "{FDACEB3B-5931-48B7-BA2C-FB3E0189248F}"
EndProject
Project("{FAE04EC0-301F-11D3-BF4B-00C04F79EFBC}") = "Client", "..\Client\Client.csproj", "{EBD7358D-A564-428D-B9FD-EE59D84B5A41}"
EndProject
Global
	GlobalSection(SolutionConfigurationPlatforms) = preSolution
		Debug|Any CPU = Debug|Any CPU
		Release|Any CPU = Release|Any CPU
	EndGlobalSection
	GlobalSection(ProjectConfigurationPlatforms) = postSolution
		{FDACEB3B-5931-48B7-BA2C-FB3E0189248F}.Debug|Any CPU.ActiveCfg = Debug|Any CPU
		{FDACEB3B-5931-48B7-BA2C-FB3E0189248F}.Debug|Any CPU.Build.0 = Debug|Any CPU
		{FDACEB3B-5931-48B7-BA2C-FB3E0189248F}.Release|Any CPU.ActiveCfg = Release|Any CPU
		{FDACEB3B-5931-48B7-BA2C-FB3E0189248F}.Release|Any CPU.Build.0 = Release|Any CPU
		{EBD7358D-A564-428D-B9FD-EE59D84B5A41}.Debug|Any CPU.ActiveCfg = Debug|Any CPU
		{EBD7358D-A564-428D-B9FD-EE59D84B5A41}.Debug|Any CPU.Build.0 = Debug|Any CPU
		{EBD7358D-A564-428D-B9FD-EE59D84B5A41}.Release|Any CPU.ActiveCfg = Release|Any CPU
		{EBD7358D-A564-428D-B9FD-EE59D84B5A41}.Release|Any CPU.Build.0 = Release|Any CPU
	EndGlobalSection
	GlobalSection(SolutionProperties) = preSolution
		HideSolutionNode = FALSE
	EndGlobalSection
	GlobalSection(ExtensibilityGlobals) = postSolution
		SolutionGuid = {84424A3A-5202-4E24-9BB1-6682C0233DAB}
	EndGlobalSection
EndGlobal
